// !$*UTF8*$!
{
	archiveVersion = 1;
	classes = {
	};
	objectVersion = 42;
	objects = {

/* Begin PBXFileReference section */
		886FEE5605D9BD280091015F /* build.xml */ = {isa = PBXFileReference; fileEncoding = 30; lastKnownFileType = text.xml; path = build.xml; sourceTree = "<group>"; };
		886FEE5705D9BD280091015F /* lib */ = {isa = PBXFileReference; lastKnownFileType = folder; path = lib; sourceTree = "<group>"; };
		886FEE5905D9BD280091015F /* src */ = {isa = PBXFileReference; lastKnownFileType = folder; path = src; sourceTree = "<group>"; };
		888251B805DAF9E10060550A /* Manifest */ = {isa = PBXFileReference; fileEncoding = 30; lastKnownFileType = text; path = Manifest; sourceTree = "<group>"; };
		88934D71061E157F00F42905 /* dist */ = {isa = PBXFileReference; lastKnownFileType = file; path = dist; sourceTree = "<group>"; };
/* End PBXFileReference section */

/* Begin PBXGroup section */
		88230FFA05D9926E00FE8D22 = {
			isa = PBXGroup;
			children = (
				888251B805DAF9E10060550A /* Manifest */,
				886FEE5605D9BD280091015F /* build.xml */,
				886FEE5905D9BD280091015F /* src */,
				886FEE5705D9BD280091015F /* lib */,
				88934D71061E157F00F42905 /* dist */,
			);
			sourceTree = "<group>";
		};
/* End PBXGroup section */

/* Begin PBXLegacyTarget section */
		8823100505D9929B00FE8D22 /* Sneakernet */ = {
			isa = PBXLegacyTarget;
			buildArgumentsString = "-emacs $(ACTION)";
			buildConfigurationList = 2D6B88CF0B694735005CA697 /* Build configuration list for PBXLegacyTarget "Sneakernet" */;
			buildPhases = (
			);
			buildToolPath = /Developer/Java/Ant/bin/ant;
			dependencies = (
			);
			name = Sneakernet;
			passBuildSettingsInEnvironment = 1;
			productName = Sneakernet;
		};
/* End PBXLegacyTarget section */

/* Begin PBXProject section */
		88230FFE05D9926E00FE8D22 /* Project object */ = {
			isa = PBXProject;
			buildConfigurationList = 2D6B88D30B694735005CA697 /* Build configuration list for PBXProject "Sneakernet" */;
			hasScannedForEncodings = 1;
			mainGroup = 88230FFA05D9926E00FE8D22;
			projectDirPath = "";
			targets = (
				8823100505D9929B00FE8D22 /* Sneakernet */,
			);
		};
/* End PBXProject section */

/* Begin XCBuildConfiguration section */
		2D6B88D00B694735005CA697 /* Development */ = {
			isa = XCBuildConfiguration;
			buildSettings = {
				COPY_PHASE_STRIP = NO;
				PRODUCT_NAME = Sneakernet;
			};
			name = Development;
		};
		2D6B88D10B694735005CA697 /* Deployment */ = {
			isa = XCBuildConfiguration;
			buildSettings = {
				COPY_PHASE_STRIP = YES;
				PRODUCT_NAME = Sneakernet;
			};
			name = Deployment;
		};
		2D6B88D20B694735005CA697 /* Default */ = {
			isa = XCBuildConfiguration;
			buildSettings = {
				PRODUCT_NAME = Sneakernet;
			};
			name = Default;
		};
		2D6B88D40B694735005CA697 /* Development */ = {
			isa = XCBuildConfiguration;
			buildSettings = {
			};
			name = Development;
		};
		2D6B88D50B694735005CA697 /* Deployment */ = {
			isa = XCBuildConfiguration;
			buildSettings = {
			};
			name = Deployment;
		};
		2D6B88D60B694735005CA697 /* Default */ = {
			isa = XCBuildConfiguration;
			buildSettings = {
			};
			name = Default;
		};
/* End XCBuildConfiguration section */

/* Begin XCConfigurationList section */
		2D6B88CF0B694735005CA697 /* Build configuration list for PBXLegacyTarget "Sneakernet" */ = {
			isa = XCConfigurationList;
			buildConfigurations = (
				2D6B88D00B694735005CA697 /* Development */,
				2D6B88D10B694735005CA697 /* Deployment */,
				2D6B88D20B694735005CA697 /* Default */,
			);
			defaultConfigurationIsVisible = 0;
			defaultConfigurationName = Default;
		};
		2D6B88D30B694735005CA697 /* Build configuration list for PBXProject "Sneakernet" */ = {
			isa = XCConfigurationList;
			buildConfigurations = (
				2D6B88D40B694735005CA697 /* Development */,
				2D6B88D50B694735005CA697 /* Deployment */,
				2D6B88D60B694735005CA697 /* Default */,
			);
			defaultConfigurationIsVisible = 0;
			defaultConfigurationName = Default;
		};
/* End XCConfigurationList section */
	};
	rootObject = 88230FFE05D9926E00FE8D22 /* Project object */;
}
